
Microsoft Visual Studio Solution File, Format Version 12.00
# Visual Studio 15
VisualStudioVersion = 15.0.28307.757
MinimumVisualStudioVersion = 10.0.40219.1
Project("{9A19103F-16F7-4668-BE54-9A1E7A4F7556}") = "ApiGetway", "ApiGetway\ApiGetway.csproj", "{796870C5-FBE0-487F-AD05-8B42F5DE42C2}"
EndProject
Project("{9A19103F-16F7-4668-BE54-9A1E7A4F7556}") = "IdentityServer", "IdentityServer\IdentityServer.csproj", "{F0D8F6DF-D631-40F2-BF08-546A6184438A}"
EndProject
Project("{9A19103F-16F7-4668-BE54-9A1E7A4F7556}") = "Client", "Client\Client.csproj", "{9190EAAF-5BC7-4DA6-8672-29A06975C509}"
EndProject
Project("{9A19103F-16F7-4668-BE54-9A1E7A4F7556}") = "CustumerApi", "CustumerApi\CustumerApi.csproj", "{C83965D4-673A-4763-A31B-C87E73240CF0}"
EndProject
Project("{9A19103F-16F7-4668-BE54-9A1E7A4F7556}") = "ProductsApi", "ProductsApi\ProductsApi.csproj", "{4DD1DCB5-4560-47B9-81E1-32CF8EA6AC02}"
EndProject
Global
	GlobalSection(SolutionConfigurationPlatforms) = preSolution
		Debug|Any CPU = Debug|Any CPU
		Release|Any CPU = Release|Any CPU
	EndGlobalSection
	GlobalSection(ProjectConfigurationPlatforms) = postSolution
		{796870C5-FBE0-487F-AD05-8B42F5DE42C2}.Debug|Any CPU.ActiveCfg = Debug|Any CPU
		{796870C5-FBE0-487F-AD05-8B42F5DE42C2}.Debug|Any CPU.Build.0 = Debug|Any CPU
		{796870C5-FBE0-487F-AD05-8B42F5DE42C2}.Release|Any CPU.ActiveCfg = Release|Any CPU
		{796870C5-FBE0-487F-AD05-8B42F5DE42C2}.Release|Any CPU.Build.0 = Release|Any CPU
		{F0D8F6DF-D631-40F2-BF08-546A6184438A}.Debug|Any CPU.ActiveCfg = Debug|Any CPU
		{F0D8F6DF-D631-40F2-BF08-546A6184438A}.Debug|Any CPU.Build.0 = Debug|Any CPU
		{F0D8F6DF-D631-40F2-BF08-546A6184438A}.Release|Any CPU.ActiveCfg = Release|Any CPU
		{F0D8F6DF-D631-40F2-BF08-546A6184438A}.Release|Any CPU.Build.0 = Release|Any CPU
		{9190EAAF-5BC7-4DA6-8672-29A06975C509}.Debug|Any CPU.ActiveCfg = Debug|Any CPU
		{9190EAAF-5BC7-4DA6-8672-29A06975C509}.Debug|Any CPU.Build.0 = Debug|Any CPU
		{9190EAAF-5BC7-4DA6-8672-29A06975C509}.Release|Any CPU.ActiveCfg = Release|Any CPU
		{9190EAAF-5BC7-4DA6-8672-29A06975C509}.Release|Any CPU.Build.0 = Release|Any CPU
		{C83965D4-673A-4763-A31B-C87E73240CF0}.Debug|Any CPU.ActiveCfg = Debug|Any CPU
		{C83965D4-673A-4763-A31B-C87E73240CF0}.Debug|Any CPU.Build.0 = Debug|Any CPU
		{C83965D4-673A-4763-A31B-C87E73240CF0}.Release|Any CPU.ActiveCfg = Release|Any CPU
		{C83965D4-673A-4763-A31B-C87E73240CF0}.Release|Any CPU.Build.0 = Release|Any CPU
		{4DD1DCB5-4560-47B9-81E1-32CF8EA6AC02}.Debug|Any CPU.ActiveCfg = Debug|Any CPU
		{4DD1DCB5-4560-47B9-81E1-32CF8EA6AC02}.Debug|Any CPU.Build.0 = Debug|Any CPU
		{4DD1DCB5-4560-47B9-81E1-32CF8EA6AC02}.Release|Any CPU.ActiveCfg = Release|Any CPU
		{4DD1DCB5-4560-47B9-81E1-32CF8EA6AC02}.Release|Any CPU.Build.0 = Release|Any CPU
	EndGlobalSection
	GlobalSection(SolutionProperties) = preSolution
		HideSolutionNode = FALSE
	EndGlobalSection
	GlobalSection(ExtensibilityGlobals) = postSolution
		SolutionGuid = {A66FCC84-731A-4826-A417-B3775788723C}
	EndGlobalSection
EndGlobal
